
Microsoft Visual Studio Solution File, Format Version 12.00
# Visual Studio Version 17
VisualStudioVersion = 17.9.34728.123
MinimumVisualStudioVersion = 10.0.40219.1
Project("{9A19103F-16F7-4668-BE54-9A1E7A4F7556}") = "WebApi", "Escola\WebApi.csproj", "{8BEE4A97-CE54-45E4-B7E0-B8664CEE4489}"
EndProject
Project("{9A19103F-16F7-4668-BE54-9A1E7A4F7556}") = "Data", "Data\Data.csproj", "{8206997E-3B3A-4ABC-B9F2-903117E57949}"
EndProject
Project("{9A19103F-16F7-4668-BE54-9A1E7A4F7556}") = "Domain", "Domain\Domain.csproj", "{D759C0E5-0B36-47C7-9537-D22DF99859E5}"
EndProject
Project("{FAE04EC0-301F-11D3-BF4B-00C04F79EFBC}") = "Application", "Application\Application.csproj", "{D01A5229-7509-4548-8439-C9403FC51E90}"
EndProject
Global
	GlobalSection(SolutionConfigurationPlatforms) = preSolution
		Debug|Any CPU = Debug|Any CPU
		Release|Any CPU = Release|Any CPU
	EndGlobalSection
	GlobalSection(ProjectConfigurationPlatforms) = postSolution
		{8BEE4A97-CE54-45E4-B7E0-B8664CEE4489}.Debug|Any CPU.ActiveCfg = Debug|Any CPU
		{8BEE4A97-CE54-45E4-B7E0-B8664CEE4489}.Debug|Any CPU.Build.0 = Debug|Any CPU
		{8BEE4A97-CE54-45E4-B7E0-B8664CEE4489}.Release|Any CPU.ActiveCfg = Release|Any CPU
		{8BEE4A97-CE54-45E4-B7E0-B8664CEE4489}.Release|Any CPU.Build.0 = Release|Any CPU
		{8206997E-3B3A-4ABC-B9F2-903117E57949}.Debug|Any CPU.ActiveCfg = Debug|Any CPU
		{8206997E-3B3A-4ABC-B9F2-903117E57949}.Debug|Any CPU.Build.0 = Debug|Any CPU
		{8206997E-3B3A-4ABC-B9F2-903117E57949}.Release|Any CPU.ActiveCfg = Release|Any CPU
		{8206997E-3B3A-4ABC-B9F2-903117E57949}.Release|Any CPU.Build.0 = Release|Any CPU
		{D759C0E5-0B36-47C7-9537-D22DF99859E5}.Debug|Any CPU.ActiveCfg = Debug|Any CPU
		{D759C0E5-0B36-47C7-9537-D22DF99859E5}.Debug|Any CPU.Build.0 = Debug|Any CPU
		{D759C0E5-0B36-47C7-9537-D22DF99859E5}.Release|Any CPU.ActiveCfg = Release|Any CPU
		{D759C0E5-0B36-47C7-9537-D22DF99859E5}.Release|Any CPU.Build.0 = Release|Any CPU
		{D01A5229-7509-4548-8439-C9403FC51E90}.Debug|Any CPU.ActiveCfg = Debug|Any CPU
		{D01A5229-7509-4548-8439-C9403FC51E90}.Debug|Any CPU.Build.0 = Debug|Any CPU
		{D01A5229-7509-4548-8439-C9403FC51E90}.Release|Any CPU.ActiveCfg = Release|Any CPU
		{D01A5229-7509-4548-8439-C9403FC51E90}.Release|Any CPU.Build.0 = Release|Any CPU
	EndGlobalSection
	GlobalSection(SolutionProperties) = preSolution
		HideSolutionNode = FALSE
	EndGlobalSection
	GlobalSection(ExtensibilityGlobals) = postSolution
		SolutionGuid = {8D7C6DAF-3772-4387-87CA-FF9DC0DCDEE6}
	EndGlobalSection
EndGlobal
